
Microsoft Visual Studio Solution File, Format Version 12.00
# Visual Studio Version 16
VisualStudioVersion = 25.0.1706.4
MinimumVisualStudioVersion = 10.0.40219.1
Project("{FAE04EC0-301F-11D3-BF4B-00C04F79EFBC}") = "RunGroupWebApp", "RunGroupWebApp\RunGroupWebApp.csproj", "{71B2F603-D5B4-4F29-B9E3-093087C828DD}"
EndProject
Global
	GlobalSection(SolutionConfigurationPlatforms) = preSolution
		Debug|Any CPU = Debug|Any CPU
		Release|Any CPU = Release|Any CPU
	EndGlobalSection
	GlobalSection(ProjectConfigurationPlatforms) = postSolution
		{71B2F603-D5B4-4F29-B9E3-093087C828DD}.Debug|Any CPU.ActiveCfg = Debug|Any CPU
		{71B2F603-D5B4-4F29-B9E3-093087C828DD}.Debug|Any CPU.Build.0 = Debug|Any CPU
		{71B2F603-D5B4-4F29-B9E3-093087C828DD}.Release|Any CPU.ActiveCfg = Release|Any CPU
		{71B2F603-D5B4-4F29-B9E3-093087C828DD}.Release|Any CPU.Build.0 = Release|Any CPU
	EndGlobalSection
	GlobalSection(SolutionProperties) = preSolution
		HideSolutionNode = FALSE
	EndGlobalSection
	GlobalSection(ExtensibilityGlobals) = postSolution
		SolutionGuid = {080D61F2-39D5-471F-A5E0-EB0C06C24519}
	EndGlobalSection
EndGlobal
